
Microsoft Visual Studio Solution File, Format Version 12.00
# Visual Studio Version 17
VisualStudioVersion = 17.11.35222.181
MinimumVisualStudioVersion = 10.0.40219.1
Project("{FAE04EC0-301F-11D3-BF4B-00C04F79EFBC}") = "SD1", "SD1\SD1.csproj", "{1F44F409-0F0A-45DF-A657-13E7F3F1D1D2}"
EndProject
Global
	GlobalSection(SolutionConfigurationPlatforms) = preSolution
		Debug|Any CPU = Debug|Any CPU
		Release|Any CPU = Release|Any CPU
	EndGlobalSection
	GlobalSection(ProjectConfigurationPlatforms) = postSolution
		{1F44F409-0F0A-45DF-A657-13E7F3F1D1D2}.Debug|Any CPU.ActiveCfg = Debug|Any CPU
		{1F44F409-0F0A-45DF-A657-13E7F3F1D1D2}.Debug|Any CPU.Build.0 = Debug|Any CPU
		{1F44F409-0F0A-45DF-A657-13E7F3F1D1D2}.Release|Any CPU.ActiveCfg = Release|Any CPU
		{1F44F409-0F0A-45DF-A657-13E7F3F1D1D2}.Release|Any CPU.Build.0 = Release|Any CPU
	EndGlobalSection
	GlobalSection(SolutionProperties) = preSolution
		HideSolutionNode = FALSE
	EndGlobalSection
	GlobalSection(ExtensibilityGlobals) = postSolution
		SolutionGuid = {CBBF5CFE-2303-45E0-B8D4-A48A8C3776A9}
	EndGlobalSection
EndGlobal
